
Microsoft Visual Studio Solution File, Format Version 12.00
# Visual Studio Version 17
VisualStudioVersion = 17.4.33122.133
MinimumVisualStudioVersion = 10.0.40219.1
Project("{9A19103F-16F7-4668-BE54-9A1E7A4F7556}") = "MvcMovie", "MvcMovie\MvcMovie.csproj", "{250B2C6B-B3A5-4829-98BE-537BEC19E91A}"
EndProject
Project("{FAE04EC0-301F-11D3-BF4B-00C04F79EFBC}") = "MvcMovie.FeatureTests", "MvcMovie.FeatureTests\MvcMovie.FeatureTests.csproj", "{FFB0BB5F-4488-4CB5-8120-B7804B0661DB}"
EndProject
Global
	GlobalSection(SolutionConfigurationPlatforms) = preSolution
		Debug|Any CPU = Debug|Any CPU
		Release|Any CPU = Release|Any CPU
	EndGlobalSection
	GlobalSection(ProjectConfigurationPlatforms) = postSolution
		{250B2C6B-B3A5-4829-98BE-537BEC19E91A}.Debug|Any CPU.ActiveCfg = Debug|Any CPU
		{250B2C6B-B3A5-4829-98BE-537BEC19E91A}.Debug|Any CPU.Build.0 = Debug|Any CPU
		{250B2C6B-B3A5-4829-98BE-537BEC19E91A}.Release|Any CPU.ActiveCfg = Release|Any CPU
		{250B2C6B-B3A5-4829-98BE-537BEC19E91A}.Release|Any CPU.Build.0 = Release|Any CPU
		{FFB0BB5F-4488-4CB5-8120-B7804B0661DB}.Debug|Any CPU.ActiveCfg = Debug|Any CPU
		{FFB0BB5F-4488-4CB5-8120-B7804B0661DB}.Debug|Any CPU.Build.0 = Debug|Any CPU
		{FFB0BB5F-4488-4CB5-8120-B7804B0661DB}.Release|Any CPU.ActiveCfg = Release|Any CPU
		{FFB0BB5F-4488-4CB5-8120-B7804B0661DB}.Release|Any CPU.Build.0 = Release|Any CPU
	EndGlobalSection
	GlobalSection(SolutionProperties) = preSolution
		HideSolutionNode = FALSE
	EndGlobalSection
	GlobalSection(ExtensibilityGlobals) = postSolution
		SolutionGuid = {0F43764F-FBBB-470C-B197-85909FD63CD9}
	EndGlobalSection
EndGlobal
